
Microsoft Visual Studio Solution File, Format Version 12.00
# Visual Studio Version 17
VisualStudioVersion = 17.5.33402.96
MinimumVisualStudioVersion = 10.0.40219.1
Project("{FAE04EC0-301F-11D3-BF4B-00C04F79EFBC}") = "HovLibrary2", "HovLibrary2\HovLibrary2.csproj", "{B6BF0617-83E3-4579-BA00-25D46D678A74}"
EndProject
Global
	GlobalSection(SolutionConfigurationPlatforms) = preSolution
		Debug|Any CPU = Debug|Any CPU
		Release|Any CPU = Release|Any CPU
	EndGlobalSection
	GlobalSection(ProjectConfigurationPlatforms) = postSolution
		{B6BF0617-83E3-4579-BA00-25D46D678A74}.Debug|Any CPU.ActiveCfg = Debug|Any CPU
		{B6BF0617-83E3-4579-BA00-25D46D678A74}.Debug|Any CPU.Build.0 = Debug|Any CPU
		{B6BF0617-83E3-4579-BA00-25D46D678A74}.Release|Any CPU.ActiveCfg = Release|Any CPU
		{B6BF0617-83E3-4579-BA00-25D46D678A74}.Release|Any CPU.Build.0 = Release|Any CPU
	EndGlobalSection
	GlobalSection(SolutionProperties) = preSolution
		HideSolutionNode = FALSE
	EndGlobalSection
	GlobalSection(ExtensibilityGlobals) = postSolution
		SolutionGuid = {DDE8E941-2B48-468B-A84B-82D15018AAA0}
	EndGlobalSection
EndGlobal
